# THIS IS AN AUTOGENERATED FILE. DO NOT EDIT THIS FILE DIRECTLY.
# yarn lockfile v1


"@babel/runtime@^7.10.5", "@babel/runtime@^7.7.2":
  version "7.11.2"
  resolved "https://registry.yarnpkg.com/@babel/runtime/-/runtime-7.11.2.tgz#f549c13c754cc40b87644b9fa9f09a6a95fe0736"
  integrity sha512-TeWkU52so0mPtDcaCTxNBI/IHiz0pZgr8VEFqXFtZWpYD08ZB6FaSwVAS8MKRQAP3bYKiVjwysOJgMFY28o6Tw==
  dependencies:
    regenerator-runtime "^0.13.4"

import-html-entry@^1.9.0:
  version "1.9.1"
  resolved "https://registry.yarnpkg.com/import-html-entry/-/import-html-entry-1.9.1.tgz#91a846ab3ddad1f9a4b876a595d1e8b28bef7609"
  integrity sha512-tWxzA981ZulXzO/5j6BFGiFaaT7ufaLkeWRMQT7oD1IWF/TG2UFzaibK5/8fo8DcmcOo/vOzA4dUoyNnPb9YNg==
  dependencies:
    "@babel/runtime" "^7.7.2"

lodash@^4.17.11:
  version "4.17.20"
  resolved "https://registry.yarnpkg.com/lodash/-/lodash-4.17.20.tgz#b44a9b6297bcb698f1c51a3545a2b3b368d59c52"
  integrity sha512-PlhdFcillOINfeV7Ni6oF1TAEayyZBoZ8bcshTHqOYJYlrqzRK5hagpagky5o4HfCzzd1TRkXPMFq6cKk9rGmA==

qiankun@^2.0.26:
  version "2.0.26"
  resolved "https://registry.yarnpkg.com/qiankun/-/qiankun-2.0.26.tgz#0061a3285db57dd26bd88a62f18436fb5f7740c0"
  integrity sha512-5Hb1wwkRB0sxrVxAcMaN6i6FC9SqFQu/G3FUBsQl7fGCUO8RT6ejhpl4IpcyfLBLsHnplT9cyJX/Ldd0lGrAMw==
  dependencies:
    "@babel/runtime" "^7.10.5"
    import-html-entry "^1.9.0"
    lodash "^4.17.11"
    single-spa "^5.3.1"
    tslib "^1.10.0"

regenerator-runtime@^0.13.4:
  version "0.13.7"
  resolved "https://registry.yarnpkg.com/regenerator-runtime/-/regenerator-runtime-0.13.7.tgz#cac2dacc8a1ea675feaabaeb8ae833898ae46f55"
  integrity sha512-a54FxoJDIr27pgf7IgeQGxmqUNYrcV338lf/6gH456HZ/PhX+5BcwHXG9ajESmwe6WRO0tAzRUrRmNONWgkrew==

single-spa@^5.3.1:
  version "5.6.0"
  resolved "https://registry.yarnpkg.com/single-spa/-/single-spa-5.6.0.tgz#69bfa4d6885c29b7b5627ca3d145de2af8cff887"
  integrity sha512-UJ89FkEjW6JqAMoyW9RBA7cfpnQ2N8l8E1PEKqgLaHNyYr90WYB2v9s6iR7h0zm6AL218D+obmwtYVLKwetUzw==

tslib@^1.10.0:
  version "1.13.0"
  resolved "https://registry.yarnpkg.com/tslib/-/tslib-1.13.0.tgz#c881e13cc7015894ed914862d276436fa9a47043"
  integrity sha512-i/6DQjL8Xf3be4K/E6Wgpekn5Qasl1usyw++dAA35Ue5orEn65VIxOA+YvNNl9HV3qv70T7CNwjODHZrLwvd1Q==
